
Microsoft Visual Studio Solution File, Format Version 12.00
# Visual Studio Version 17
VisualStudioVersion = 17.13.35931.197 d17.13
MinimumVisualStudioVersion = 10.0.40219.1
Project("{FAE04EC0-301F-11D3-BF4B-00C04F79EFBC}") = "TheSeriesAnalyzer", "TheSeriesAnalyzer\TheSeriesAnalyzer.csproj", "{8614C79E-4826-48C3-8B8A-2BA845E4A0C0}"
EndProject
Global
	GlobalSection(SolutionConfigurationPlatforms) = preSolution
		Debug|Any CPU = Debug|Any CPU
		Release|Any CPU = Release|Any CPU
	EndGlobalSection
	GlobalSection(ProjectConfigurationPlatforms) = postSolution
		{8614C79E-4826-48C3-8B8A-2BA845E4A0C0}.Debug|Any CPU.ActiveCfg = Debug|Any CPU
		{8614C79E-4826-48C3-8B8A-2BA845E4A0C0}.Debug|Any CPU.Build.0 = Debug|Any CPU
		{8614C79E-4826-48C3-8B8A-2BA845E4A0C0}.Release|Any CPU.ActiveCfg = Release|Any CPU
		{8614C79E-4826-48C3-8B8A-2BA845E4A0C0}.Release|Any CPU.Build.0 = Release|Any CPU
	EndGlobalSection
	GlobalSection(SolutionProperties) = preSolution
		HideSolutionNode = FALSE
	EndGlobalSection
	GlobalSection(ExtensibilityGlobals) = postSolution
		SolutionGuid = {D48F8758-50D4-42E0-8B4B-85E4FC2B07E6}
	EndGlobalSection
EndGlobal
